
Microsoft Visual Studio Solution File, Format Version 12.00
# Visual Studio Version 17
VisualStudioVersion = 17.14.37111.16
MinimumVisualStudioVersion = 10.0.40219.1
Project("{FAE04EC0-301F-11D3-BF4B-00C04F79EFBC}") = "BlazorApplication", "BlazorApplication.csproj", "{0C932C86-1757-4739-B84C-2EBE93FA22D5}"
EndProject
Global
	GlobalSection(SolutionConfigurationPlatforms) = preSolution
		Debug|Any CPU = Debug|Any CPU
		Release|Any CPU = Release|Any CPU
	EndGlobalSection
	GlobalSection(ProjectConfigurationPlatforms) = postSolution
		{0C932C86-1757-4739-B84C-2EBE93FA22D5}.Debug|Any CPU.ActiveCfg = Debug|Any CPU
		{0C932C86-1757-4739-B84C-2EBE93FA22D5}.Debug|Any CPU.Build.0 = Debug|Any CPU
		{0C932C86-1757-4739-B84C-2EBE93FA22D5}.Release|Any CPU.ActiveCfg = Release|Any CPU
		{0C932C86-1757-4739-B84C-2EBE93FA22D5}.Release|Any CPU.Build.0 = Release|Any CPU
	EndGlobalSection
	GlobalSection(SolutionProperties) = preSolution
		HideSolutionNode = FALSE
	EndGlobalSection
	GlobalSection(ExtensibilityGlobals) = postSolution
		SolutionGuid = {B2D540EC-463B-44A9-B9B5-283B49B3C62C}
	EndGlobalSection
EndGlobal
